Microsoft Visual Studio Solution File, Format Version 12.00
# Visual Studio Version 18
VisualStudioVersion = 18.4.11605.240
MinimumVisualStudioVersion = 10.0.40219.1
Project("{FAE04EC0-301F-11D3-BF4B-00C04F79EFBC}") = "TownOfHost", "TownOfHost.csproj", "{1FC72121-C82A-F097-6BE3-3B951E5B6959}"
EndProject
Global
	GlobalSection(SolutionConfigurationPlatforms) = preSolution
		Debug|Any CPU = Debug|Any CPU
		Release|Any CPU = Release|Any CPU
	EndGlobalSection
	GlobalSection(ProjectConfigurationPlatforms) = postSolution
		{1FC72121-C82A-F097-6BE3-3B951E5B6959}.Debug|Any CPU.ActiveCfg = Debug|Any CPU
		{1FC72121-C82A-F097-6BE3-3B951E5B6959}.Debug|Any CPU.Build.0 = Debug|Any CPU
		{1FC72121-C82A-F097-6BE3-3B951E5B6959}.Release|Any CPU.ActiveCfg = Release|Any CPU
		{1FC72121-C82A-F097-6BE3-3B951E5B6959}.Release|Any CPU.Build.0 = Release|Any CPU
	EndGlobalSection
	GlobalSection(SolutionProperties) = preSolution
		HideSolutionNode = FALSE
	EndGlobalSection
	GlobalSection(ExtensibilityGlobals) = postSolution
		SolutionGuid = {73319406-AFF3-4281-B759-C7CDB42974DE}
	EndGlobalSection
EndGlobal
